
Microsoft Visual Studio Solution File, Format Version 12.00
# Visual Studio Version 17
VisualStudioVersion = 17.10.35122.118
MinimumVisualStudioVersion = 10.0.40219.1
Project("{FAE04EC0-301F-11D3-BF4B-00C04F79EFBC}") = "Escolar", "Escolar\Escolar.csproj", "{562E95EE-80B3-4F67-BE78-D6287113A3FF}"
EndProject
Global
	GlobalSection(SolutionConfigurationPlatforms) = preSolution
		Debug|Any CPU = Debug|Any CPU
		Release|Any CPU = Release|Any CPU
	EndGlobalSection
	GlobalSection(ProjectConfigurationPlatforms) = postSolution
		{562E95EE-80B3-4F67-BE78-D6287113A3FF}.Debug|Any CPU.ActiveCfg = Debug|Any CPU
		{562E95EE-80B3-4F67-BE78-D6287113A3FF}.Debug|Any CPU.Build.0 = Debug|Any CPU
		{562E95EE-80B3-4F67-BE78-D6287113A3FF}.Release|Any CPU.ActiveCfg = Release|Any CPU
		{562E95EE-80B3-4F67-BE78-D6287113A3FF}.Release|Any CPU.Build.0 = Release|Any CPU
	EndGlobalSection
	GlobalSection(SolutionProperties) = preSolution
		HideSolutionNode = FALSE
	EndGlobalSection
	GlobalSection(ExtensibilityGlobals) = postSolution
		SolutionGuid = {BC8ED805-B318-4EE5-9C7C-05D79F0390D0}
	EndGlobalSection
EndGlobal
